// !$*UTF8*$!
{
	archiveVersion = 1;
	classes = {
	};
	objectVersion = 55;
	objects = {

/* Begin PBXBuildFile section */
		961CC38427F463BC00541AFD /* AlignmentGuideView.swift in Sources */ = {isa = PBXBuildFile; fileRef = 961CC38327F463BC00541AFD /* AlignmentGuideView.swift */; };
		961CC38627F4734A00541AFD /* ListView.swift in Sources */ = {isa = PBXBuildFile; fileRef = 961CC38527F4734A00541AFD /* ListView.swift */; };
		963112EE27F6FB30005293D4 /* Just.swift in Sources */ = {isa = PBXBuildFile; fileRef = 963112ED27F6FB30005293D4 /* Just.swift */; };
		963112F027F6FE91005293D4 /* DrawDemoView.swift in Sources */ = {isa = PBXBuildFile; fileRef = 963112EF27F6FE91005293D4 /* DrawDemoView.swift */; };
		963112F327F6FEF1005293D4 /* ReadMe_Drawing.swift in Sources */ = {isa = PBXBuildFile; fileRef = 963112F227F6FEF1005293D4 /* ReadMe_Drawing.swift */; };
		9638EBB627F1B9E100104642 /* RotationView.swift in Sources */ = {isa = PBXBuildFile; fileRef = 9638EBB527F1B9E100104642 /* RotationView.swift */; };
		963D910727F5B5E2007AB68A /* AdvanceListView.swift in Sources */ = {isa = PBXBuildFile; fileRef = 963D910627F5B5E2007AB68A /* AdvanceListView.swift */; };
		963D910927F5B7D4007AB68A /* JSONDataLoading.swift in Sources */ = {isa = PBXBuildFile; fileRef = 963D910827F5B7D4007AB68A /* JSONDataLoading.swift */; };
		964F378227EDC27C00E6E916 /* StandardTitle.swift in Sources */ = {isa = PBXBuildFile; fileRef = 964F378127EDC27C00E6E916 /* StandardTitle.swift */; };
		964F378427EDC2FA00E6E916 /* TestView.swift in Sources */ = {isa = PBXBuildFile; fileRef = 964F378327EDC2FA00E6E916 /* TestView.swift */; };
		964F378727EDC35000E6E916 /* StandardBody.swift in Sources */ = {isa = PBXBuildFile; fileRef = 964F378627EDC35000E6E916 /* StandardBody.swift */; };
		964F378927EDC54D00E6E916 /* MyVStack.swift in Sources */ = {isa = PBXBuildFile; fileRef = 964F378827EDC54D00E6E916 /* MyVStack.swift */; };
		964F378C27EDC6E500E6E916 /* ReadMe.swift in Sources */ = {isa = PBXBuildFile; fileRef = 964F378B27EDC6E500E6E916 /* ReadMe.swift */; };
		9667BD6727F04E6C00A568DA /* MyHStack.swift in Sources */ = {isa = PBXBuildFile; fileRef = 9667BD6627F04E6C00A568DA /* MyHStack.swift */; };
		9667BD6927F0637500A568DA /* GeometryView.swift in Sources */ = {isa = PBXBuildFile; fileRef = 9667BD6827F0637500A568DA /* GeometryView.swift */; };
		9667BD6B27F06B7700A568DA /* TestView2.swift in Sources */ = {isa = PBXBuildFile; fileRef = 9667BD6A27F06B7700A568DA /* TestView2.swift */; };
		9667BD6D27F06F8200A568DA /* WifiImageView.swift in Sources */ = {isa = PBXBuildFile; fileRef = 9667BD6C27F06F8200A568DA /* WifiImageView.swift */; };
		966D6DB327F1EA8900DA024B /* EnvTimeView.swift in Sources */ = {isa = PBXBuildFile; fileRef = 966D6DB227F1EA8900DA024B /* EnvTimeView.swift */; };
		966D6DB527F1EAEB00DA024B /* EnvSecondView.swift in Sources */ = {isa = PBXBuildFile; fileRef = 966D6DB427F1EAEB00DA024B /* EnvSecondView.swift */; };
		966D6DB727F1EAF300DA024B /* EnvThirdView.swift in Sources */ = {isa = PBXBuildFile; fileRef = 966D6DB627F1EAF300DA024B /* EnvThirdView.swift */; };
		96A2FB9E27F7F35B0063A81F /* QuadCurveShape.swift in Sources */ = {isa = PBXBuildFile; fileRef = 96A2FB9D27F7F35B0063A81F /* QuadCurveShape.swift */; };
		96D2261027E9D41400D616E1 /* ExampleViewsApp.swift in Sources */ = {isa = PBXBuildFile; fileRef = 96D2260F27E9D41400D616E1 /* ExampleViewsApp.swift */; };
		96D2261227E9D41400D616E1 /* ContentView.swift in Sources */ = {isa = PBXBuildFile; fileRef = 96D2261127E9D41400D616E1 /* ContentView.swift */; };
		96D2261427E9D41500D616E1 /* Assets.xcassets in Resources */ = {isa = PBXBuildFile; fileRef = 96D2261327E9D41500D616E1 /* Assets.xcassets */; };
		96D2261727E9D41500D616E1 /* Preview Assets.xcassets in Resources */ = {isa = PBXBuildFile; fileRef = 96D2261627E9D41500D616E1 /* Preview Assets.xcassets */; };
		96D2262027E9DBF300D616E1 /* HScrollView.swift in Sources */ = {isa = PBXBuildFile; fileRef = 96D2261F27E9DBF300D616E1 /* HScrollView.swift */; };
		96D2262227E9DDC400D616E1 /* HSVsStorage.swift in Sources */ = {isa = PBXBuildFile; fileRef = 96D2262127E9DDC400D616E1 /* HSVsStorage.swift */; };
		96ED9E8027F0712D005895EC /* Readme2.swift in Sources */ = {isa = PBXBuildFile; fileRef = 96ED9E7F27F0712D005895EC /* Readme2.swift */; };
		96ED9E8227F07832005895EC /* DemoData.swift in Sources */ = {isa = PBXBuildFile; fileRef = 96ED9E8127F07832005895EC /* DemoData.swift */; };
		96ED9E8427F07A5E005895EC /* SubscribeView.swift in Sources */ = {isa = PBXBuildFile; fileRef = 96ED9E8327F07A5E005895EC /* SubscribeView.swift */; };
		96ED9E8627F07CF8005895EC /* SecondView.swift in Sources */ = {isa = PBXBuildFile; fileRef = 96ED9E8527F07CF8005895EC /* SecondView.swift */; };
		96F210FE27F1CE6100C02792 /* TimerData.swift in Sources */ = {isa = PBXBuildFile; fileRef = 96F210FD27F1CE6100C02792 /* TimerData.swift */; };
		96F2110027F1D3AB00C02792 /* TimeView.swift in Sources */ = {isa = PBXBuildFile; fileRef = 96F210FF27F1D3AB00C02792 /* TimeView.swift */; };
		96F2110227F1E26E00C02792 /* TimeAndSecondTabView.swift in Sources */ = {isa = PBXBuildFile; fileRef = 96F2110127F1E26E00C02792 /* TimeAndSecondTabView.swift */; };
		96F2110527F1E4CA00C02792 /* ThirdView.swift in Sources */ = {isa = PBXBuildFile; fileRef = 96F2110427F1E4CA00C02792 /* ThirdView.swift */; };
/* End PBXBuildFile section */

/* Begin PBXFileReference section */
		961CC38327F463BC00541AFD /* AlignmentGuideView.swift */ = {isa = PBXFileReference; lastKnownFileType = sourcecode.swift; path = AlignmentGuideView.swift; sourceTree = "<group>"; };
		961CC38527F4734A00541AFD /* ListView.swift */ = {isa = PBXFileReference; lastKnownFileType = sourcecode.swift; path = ListView.swift; sourceTree = "<group>"; };
		963112ED27F6FB30005293D4 /* Just.swift */ = {isa = PBXFileReference; lastKnownFileType = sourcecode.swift; path = Just.swift; sourceTree = "<group>"; };
		963112EF27F6FE91005293D4 /* DrawDemoView.swift */ = {isa = PBXFileReference; lastKnownFileType = sourcecode.swift; path = DrawDemoView.swift; sourceTree = "<group>"; };
		963112F227F6FEF1005293D4 /* ReadMe_Drawing.swift */ = {isa = PBXFileReference; lastKnownFileType = sourcecode.swift; path = ReadMe_Drawing.swift; sourceTree = "<group>"; };
		9638EBB527F1B9E100104642 /* RotationView.swift */ = {isa = PBXFileReference; lastKnownFileType = sourcecode.swift; path = RotationView.swift; sourceTree = "<group>"; };
		963D910627F5B5E2007AB68A /* AdvanceListView.swift */ = {isa = PBXFileReference; lastKnownFileType = sourcecode.swift; path = AdvanceListView.swift; sourceTree = "<group>"; };
		963D910827F5B7D4007AB68A /* JSONDataLoading.swift */ = {isa = PBXFileReference; lastKnownFileType = sourcecode.swift; path = JSONDataLoading.swift; sourceTree = "<group>"; };
		964F378127EDC27C00E6E916 /* StandardTitle.swift */ = {isa = PBXFileReference; lastKnownFileType = sourcecode.swift; path = StandardTitle.swift; sourceTree = "<group>"; };
		964F378327EDC2FA00E6E916 /* TestView.swift */ = {isa = PBXFileReference; lastKnownFileType = sourcecode.swift; path = TestView.swift; sourceTree = "<group>"; };
		964F378627EDC35000E6E916 /* StandardBody.swift */ = {isa = PBXFileReference; lastKnownFileType = sourcecode.swift; path = StandardBody.swift; sourceTree = "<group>"; };
		964F378827EDC54D00E6E916 /* MyVStack.swift */ = {isa = PBXFileReference; lastKnownFileType = sourcecode.swift; path = MyVStack.swift; sourceTree = "<group>"; };
		964F378B27EDC6E500E6E916 /* ReadMe.swift */ = {isa = PBXFileReference; lastKnownFileType = sourcecode.swift; path = ReadMe.swift; sourceTree = "<group>"; };
		9667BD6627F04E6C00A568DA /* MyHStack.swift */ = {isa = PBXFileReference; lastKnownFileType = sourcecode.swift; path = MyHStack.swift; sourceTree = "<group>"; };
		9667BD6827F0637500A568DA /* GeometryView.swift */ = {isa = PBXFileReference; lastKnownFileType = sourcecode.swift; path = GeometryView.swift; sourceTree = "<group>"; };
		9667BD6A27F06B7700A568DA /* TestView2.swift */ = {isa = PBXFileReference; lastKnownFileType = sourcecode.swift; path = TestView2.swift; sourceTree = "<group>"; };
		9667BD6C27F06F8200A568DA /* WifiImageView.swift */ = {isa = PBXFileReference; lastKnownFileType = sourcecode.swift; path = WifiImageView.swift; sourceTree = "<group>"; };
		966D6DB227F1EA8900DA024B /* EnvTimeView.swift */ = {isa = PBXFileReference; lastKnownFileType = sourcecode.swift; path = EnvTimeView.swift; sourceTree = "<group>"; };
		966D6DB427F1EAEB00DA024B /* EnvSecondView.swift */ = {isa = PBXFileReference; lastKnownFileType = sourcecode.swift; path = EnvSecondView.swift; sourceTree = "<group>"; };
		966D6DB627F1EAF300DA024B /* EnvThirdView.swift */ = {isa = PBXFileReference; lastKnownFileType = sourcecode.swift; path = EnvThirdView.swift; sourceTree = "<group>"; };
		96A2FB9D27F7F35B0063A81F /* QuadCurveShape.swift */ = {isa = PBXFileReference; lastKnownFileType = sourcecode.swift; path = QuadCurveShape.swift; sourceTree = "<group>"; };
		96D2260C27E9D41400D616E1 /* ExampleViews.app */ = {isa = PBXFileReference; explicitFileType = wrapper.application; includeInIndex = 0; path = ExampleViews.app; sourceTree = BUILT_PRODUCTS_DIR; };
		96D2260F27E9D41400D616E1 /* ExampleViewsApp.swift */ = {isa = PBXFileReference; lastKnownFileType = sourcecode.swift; path = ExampleViewsApp.swift; sourceTree = "<group>"; };
		96D2261127E9D41400D616E1 /* ContentView.swift */ = {isa = PBXFileReference; lastKnownFileType = sourcecode.swift; path = ContentView.swift; sourceTree = "<group>"; };
		96D2261327E9D41500D616E1 /* Assets.xcassets */ = {isa = PBXFileReference; lastKnownFileType = folder.assetcatalog; path = Assets.xcassets; sourceTree = "<group>"; };
		96D2261627E9D41500D616E1 /* Preview Assets.xcassets */ = {isa = PBXFileReference; lastKnownFileType = folder.assetcatalog; path = "Preview Assets.xcassets"; sourceTree = "<group>"; };
		96D2261F27E9DBF300D616E1 /* HScrollView.swift */ = {isa = PBXFileReference; lastKnownFileType = sourcecode.swift; path = HScrollView.swift; sourceTree = "<group>"; };
		96D2262127E9DDC400D616E1 /* HSVsStorage.swift */ = {isa = PBXFileReference; lastKnownFileType = sourcecode.swift; path = HSVsStorage.swift; sourceTree = "<group>"; };
		96ED9E7F27F0712D005895EC /* Readme2.swift */ = {isa = PBXFileReference; lastKnownFileType = sourcecode.swift; path = Readme2.swift; sourceTree = "<group>"; };
		96ED9E8127F07832005895EC /* DemoData.swift */ = {isa = PBXFileReference; lastKnownFileType = sourcecode.swift; path = DemoData.swift; sourceTree = "<group>"; };
		96ED9E8327F07A5E005895EC /* SubscribeView.swift */ = {isa = PBXFileReference; lastKnownFileType = sourcecode.swift; path = SubscribeView.swift; sourceTree = "<group>"; };
		96ED9E8527F07CF8005895EC /* SecondView.swift */ = {isa = PBXFileReference; lastKnownFileType = sourcecode.swift; path = SecondView.swift; sourceTree = "<group>"; };
		96F210FD27F1CE6100C02792 /* TimerData.swift */ = {isa = PBXFileReference; lastKnownFileType = sourcecode.swift; path = TimerData.swift; sourceTree = "<group>"; };
		96F210FF27F1D3AB00C02792 /* TimeView.swift */ = {isa = PBXFileReference; lastKnownFileType = sourcecode.swift; path = TimeView.swift; sourceTree = "<group>"; };
		96F2110127F1E26E00C02792 /* TimeAndSecondTabView.swift */ = {isa = PBXFileReference; lastKnownFileType = sourcecode.swift; path = TimeAndSecondTabView.swift; sourceTree = "<group>"; };
		96F2110427F1E4CA00C02792 /* ThirdView.swift */ = {isa = PBXFileReference; lastKnownFileType = sourcecode.swift; path = ThirdView.swift; sourceTree = "<group>"; };
/* End PBXFileReference section */

/* Begin PBXFrameworksBuildPhase section */
		96D2260927E9D41400D616E1 /* Frameworks */ = {
			isa = PBXFrameworksBuildPhase;
			buildActionMask = 2147483647;
			files = (
			);
			runOnlyForDeploymentPostprocessing = 0;
		};
/* End PBXFrameworksBuildPhase section */

/* Begin PBXGroup section */
		963112F127F6FEDC005293D4 /* Drawing */ = {
			isa = PBXGroup;
			children = (
				963112F227F6FEF1005293D4 /* ReadMe_Drawing.swift */,
				963112EF27F6FE91005293D4 /* DrawDemoView.swift */,
				96A2FB9D27F7F35B0063A81F /* QuadCurveShape.swift */,
			);
			path = Drawing;
			sourceTree = "<group>";
		};
		964F377F27EDC22400E6E916 /* Storage */ = {
			isa = PBXGroup;
			children = (
				96D2262127E9DDC400D616E1 /* HSVsStorage.swift */,
				963D910827F5B7D4007AB68A /* JSONDataLoading.swift */,
			);
			path = Storage;
			sourceTree = "<group>";
		};
		964F378027EDC23000E6E916 /* Views */ = {
			isa = PBXGroup;
			children = (
				96D2261F27E9DBF300D616E1 /* HScrollView.swift */,
				9667BD6827F0637500A568DA /* GeometryView.swift */,
				964F378327EDC2FA00E6E916 /* TestView.swift */,
				9638EBB527F1B9E100104642 /* RotationView.swift */,
				961CC38327F463BC00541AFD /* AlignmentGuideView.swift */,
				961CC38527F4734A00541AFD /* ListView.swift */,
				963D910627F5B5E2007AB68A /* AdvanceListView.swift */,
				963112ED27F6FB30005293D4 /* Just.swift */,
				963112F127F6FEDC005293D4 /* Drawing */,
				96ED9E7E27F07100005895EC /* @State, Observable, Environment */,
			);
			path = Views;
			sourceTree = "<group>";
		};
		964F378527EDC31100E6E916 /* ViewModifiers */ = {
			isa = PBXGroup;
			children = (
				964F378127EDC27C00E6E916 /* StandardTitle.swift */,
				964F378627EDC35000E6E916 /* StandardBody.swift */,
			);
			path = ViewModifiers;
			sourceTree = "<group>";
		};
		964F378A27EDC55100E6E916 /* ViewBuilders */ = {
			isa = PBXGroup;
			children = (
				964F378B27EDC6E500E6E916 /* ReadMe.swift */,
				964F378827EDC54D00E6E916 /* MyVStack.swift */,
				9667BD6627F04E6C00A568DA /* MyHStack.swift */,
			);
			path = ViewBuilders;
			sourceTree = "<group>";
		};
		966D6DB827F1EAFC00DA024B /* ForTest(@Environment) */ = {
			isa = PBXGroup;
			children = (
				966D6DB227F1EA8900DA024B /* EnvTimeView.swift */,
				966D6DB427F1EAEB00DA024B /* EnvSecondView.swift */,
				966D6DB627F1EAF300DA024B /* EnvThirdView.swift */,
			);
			path = "ForTest(@Environment)";
			sourceTree = "<group>";
		};
		96D2260327E9D41400D616E1 = {
			isa = PBXGroup;
			children = (
				96D2260E27E9D41400D616E1 /* ExampleViews */,
				96D2260D27E9D41400D616E1 /* Products */,
			);
			sourceTree = "<group>";
		};
		96D2260D27E9D41400D616E1 /* Products */ = {
			isa = PBXGroup;
			children = (
				96D2260C27E9D41400D616E1 /* ExampleViews.app */,
			);
			name = Products;
			sourceTree = "<group>";
		};
		96D2260E27E9D41400D616E1 /* ExampleViews */ = {
			isa = PBXGroup;
			children = (
				96D2260F27E9D41400D616E1 /* ExampleViewsApp.swift */,
				96D2261127E9D41400D616E1 /* ContentView.swift */,
				964F378027EDC23000E6E916 /* Views */,
				964F378527EDC31100E6E916 /* ViewModifiers */,
				964F378A27EDC55100E6E916 /* ViewBuilders */,
				964F377F27EDC22400E6E916 /* Storage */,
				96D2261327E9D41500D616E1 /* Assets.xcassets */,
				96D2261527E9D41500D616E1 /* Preview Content */,
			);
			path = ExampleViews;
			sourceTree = "<group>";
		};
		96D2261527E9D41500D616E1 /* Preview Content */ = {
			isa = PBXGroup;
			children = (
				96D2261627E9D41500D616E1 /* Preview Assets.xcassets */,
			);
			path = "Preview Content";
			sourceTree = "<group>";
		};
		96ED9E7E27F07100005895EC /* @State, Observable, Environment */ = {
			isa = PBXGroup;
			children = (
				96ED9E7F27F0712D005895EC /* Readme2.swift */,
				9667BD6A27F06B7700A568DA /* TestView2.swift */,
				9667BD6C27F06F8200A568DA /* WifiImageView.swift */,
				96ED9E8327F07A5E005895EC /* SubscribeView.swift */,
				96F2110327F1E27200C02792 /* ForTest(@Observed) */,
				966D6DB827F1EAFC00DA024B /* ForTest(@Environment) */,
				96F210FC27F1CE4400C02792 /* ObservableObject */,
			);
			path = "@State, Observable, Environment";
			sourceTree = "<group>";
		};
		96F210FC27F1CE4400C02792 /* ObservableObject */ = {
			isa = PBXGroup;
			children = (
				96ED9E8127F07832005895EC /* DemoData.swift */,
				96F210FD27F1CE6100C02792 /* TimerData.swift */,
			);
			path = ObservableObject;
			sourceTree = "<group>";
		};
		96F2110327F1E27200C02792 /* ForTest(@Observed) */ = {
			isa = PBXGroup;
			children = (
				96F210FF27F1D3AB00C02792 /* TimeView.swift */,
				96ED9E8527F07CF8005895EC /* SecondView.swift */,
				96F2110427F1E4CA00C02792 /* ThirdView.swift */,
				96F2110127F1E26E00C02792 /* TimeAndSecondTabView.swift */,
			);
			path = "ForTest(@Observed)";
			sourceTree = "<group>";
		};
/* End PBXGroup section */

/* Begin PBXNativeTarget section */
		96D2260B27E9D41400D616E1 /* ExampleViews */ = {
			isa = PBXNativeTarget;
			buildConfigurationList = 96D2261A27E9D41500D616E1 /* Build configuration list for PBXNativeTarget "ExampleViews" */;
			buildPhases = (
				96D2260827E9D41400D616E1 /* Sources */,
				96D2260927E9D41400D616E1 /* Frameworks */,
				96D2260A27E9D41400D616E1 /* Resources */,
			);
			buildRules = (
			);
			dependencies = (
			);
			name = ExampleViews;
			productName = ExampleViews;
			productReference = 96D2260C27E9D41400D616E1 /* ExampleViews.app */;
			productType = "com.apple.product-type.application";
		};
/* End PBXNativeTarget section */

/* Begin PBXProject section */
		96D2260427E9D41400D616E1 /* Project object */ = {
			isa = PBXProject;
			attributes = {
				BuildIndependentTargetsInParallel = 1;
				LastSwiftUpdateCheck = 1320;
				LastUpgradeCheck = 1320;
				TargetAttributes = {
					96D2260B27E9D41400D616E1 = {
						CreatedOnToolsVersion = 13.2;
					};
				};
			};
			buildConfigurationList = 96D2260727E9D41400D616E1 /* Build configuration list for PBXProject "ExampleViews" */;
			compatibilityVersion = "Xcode 13.0";
			developmentRegion = en;
			hasScannedForEncodings = 0;
			knownRegions = (
				en,
				Base,
			);
			mainGroup = 96D2260327E9D41400D616E1;
			productRefGroup = 96D2260D27E9D41400D616E1 /* Products */;
			projectDirPath = "";
			projectRoot = "";
			targets = (
				96D2260B27E9D41400D616E1 /* ExampleViews */,
			);
		};
/* End PBXProject section */

/* Begin PBXResourcesBuildPhase section */
		96D2260A27E9D41400D616E1 /* Resources */ = {
			isa = PBXResourcesBuildPhase;
			buildActionMask = 2147483647;
			files = (
				96D2261727E9D41500D616E1 /* Preview Assets.xcassets in Resources */,
				96D2261427E9D41500D616E1 /* Assets.xcassets in Resources */,
			);
			runOnlyForDeploymentPostprocessing = 0;
		};
/* End PBXResourcesBuildPhase section */

/* Begin PBXSourcesBuildPhase section */
		96D2260827E9D41400D616E1 /* Sources */ = {
			isa = PBXSourcesBuildPhase;
			buildActionMask = 2147483647;
			files = (
				9667BD6D27F06F8200A568DA /* WifiImageView.swift in Sources */,
				964F378C27EDC6E500E6E916 /* ReadMe.swift in Sources */,
				96ED9E8027F0712D005895EC /* Readme2.swift in Sources */,
				963112EE27F6FB30005293D4 /* Just.swift in Sources */,
				9638EBB627F1B9E100104642 /* RotationView.swift in Sources */,
				964F378427EDC2FA00E6E916 /* TestView.swift in Sources */,
				961CC38427F463BC00541AFD /* AlignmentGuideView.swift in Sources */,
				96D2262027E9DBF300D616E1 /* HScrollView.swift in Sources */,
				963112F327F6FEF1005293D4 /* ReadMe_Drawing.swift in Sources */,
				966D6DB527F1EAEB00DA024B /* EnvSecondView.swift in Sources */,
				964F378727EDC35000E6E916 /* StandardBody.swift in Sources */,
				966D6DB727F1EAF300DA024B /* EnvThirdView.swift in Sources */,
				96F2110027F1D3AB00C02792 /* TimeView.swift in Sources */,
				96F2110527F1E4CA00C02792 /* ThirdView.swift in Sources */,
				964F378927EDC54D00E6E916 /* MyVStack.swift in Sources */,
				963D910727F5B5E2007AB68A /* AdvanceListView.swift in Sources */,
				964F378227EDC27C00E6E916 /* StandardTitle.swift in Sources */,
				96F2110227F1E26E00C02792 /* TimeAndSecondTabView.swift in Sources */,
				963112F027F6FE91005293D4 /* DrawDemoView.swift in Sources */,
				96F210FE27F1CE6100C02792 /* TimerData.swift in Sources */,
				96A2FB9E27F7F35B0063A81F /* QuadCurveShape.swift in Sources */,
				96D2262227E9DDC400D616E1 /* HSVsStorage.swift in Sources */,
				963D910927F5B7D4007AB68A /* JSONDataLoading.swift in Sources */,
				961CC38627F4734A00541AFD /* ListView.swift in Sources */,
				96ED9E8227F07832005895EC /* DemoData.swift in Sources */,
				9667BD6927F0637500A568DA /* GeometryView.swift in Sources */,
				96ED9E8427F07A5E005895EC /* SubscribeView.swift in Sources */,
				96D2261227E9D41400D616E1 /* ContentView.swift in Sources */,
				966D6DB327F1EA8900DA024B /* EnvTimeView.swift in Sources */,
				96D2261027E9D41400D616E1 /* ExampleViewsApp.swift in Sources */,
				9667BD6727F04E6C00A568DA /* MyHStack.swift in Sources */,
				9667BD6B27F06B7700A568DA /* TestView2.swift in Sources */,
				96ED9E8627F07CF8005895EC /* SecondView.swift in Sources */,
			);
			runOnlyForDeploymentPostprocessing = 0;
		};
/* End PBXSourcesBuildPhase section */

/* Begin XCBuildConfiguration section */
		96D2261827E9D41500D616E1 /* Debug */ = {
			isa = XCBuildConfiguration;
			buildSettings = {
				ALWAYS_SEARCH_USER_PATHS = NO;
				CLANG_ANALYZER_NONNULL = YES;
				CLANG_ANALYZER_NUMBER_OBJECT_CONVERSION = YES_AGGRESSIVE;
				CLANG_CXX_LANGUAGE_STANDARD = "gnu++17";
				CLANG_CXX_LIBRARY = "libc++";
				CLANG_ENABLE_MODULES = YES;
				CLANG_ENABLE_OBJC_ARC = YES;
				CLANG_ENABLE_OBJC_WEAK = YES;
				CLANG_WARN_BLOCK_CAPTURE_AUTORELEASING = YES;
				CLANG_WARN_BOOL_CONVERSION = YES;
				CLANG_WARN_COMMA = YES;
				CLANG_WARN_CONSTANT_CONVERSION = YES;
				CLANG_WARN_DEPRECATED_OBJC_IMPLEMENTATIONS = YES;
				CLANG_WARN_DIRECT_OBJC_ISA_USAGE = YES_ERROR;
				CLANG_WARN_DOCUMENTATION_COMMENTS = YES;
				CLANG_WARN_EMPTY_BODY = YES;
				CLANG_WARN_ENUM_CONVERSION = YES;
				CLANG_WARN_INFINITE_RECURSION = YES;
				CLANG_WARN_INT_CONVERSION = YES;
				CLANG_WARN_NON_LITERAL_NULL_CONVERSION = YES;
				CLANG_WARN_OBJC_IMPLICIT_RETAIN_SELF = YES;
				CLANG_WARN_OBJC_LITERAL_CONVERSION = YES;
				CLANG_WARN_OBJC_ROOT_CLASS = YES_ERROR;
				CLANG_WARN_QUOTED_INCLUDE_IN_FRAMEWORK_HEADER = YES;
				CLANG_WARN_RANGE_LOOP_ANALYSIS = YES;
				CLANG_WARN_STRICT_PROTOTYPES = YES;
				CLANG_WARN_SUSPICIOUS_MOVE = YES;
				CLANG_WARN_UNGUARDED_AVAILABILITY = YES_AGGRESSIVE;
				CLANG_WARN_UNREACHABLE_CODE = YES;
				CLANG_WARN__DUPLICATE_METHOD_MATCH = YES;
				COPY_PHASE_STRIP = NO;
				DEBUG_INFORMATION_FORMAT = dwarf;
				ENABLE_STRICT_OBJC_MSGSEND = YES;
				ENABLE_TESTABILITY = YES;
				GCC_C_LANGUAGE_STANDARD = gnu11;
				GCC_DYNAMIC_NO_PIC = NO;
				GCC_NO_COMMON_BLOCKS = YES;
				GCC_OPTIMIZATION_LEVEL = 0;
				GCC_PREPROCESSOR_DEFINITIONS = (
					"DEBUG=1",
					"$(inherited)",
				);
				GCC_WARN_64_TO_32_BIT_CONVERSION = YES;
				GCC_WARN_ABOUT_RETURN_TYPE = YES_ERROR;
				GCC_WARN_UNDECLARED_SELECTOR = YES;
				GCC_WARN_UNINITIALIZED_AUTOS = YES_AGGRESSIVE;
				GCC_WARN_UNUSED_FUNCTION = YES;
				GCC_WARN_UNUSED_VARIABLE = YES;
				IPHONEOS_DEPLOYMENT_TARGET = 15.2;
				MTL_ENABLE_DEBUG_INFO = INCLUDE_SOURCE;
				MTL_FAST_MATH = YES;
				ONLY_ACTIVE_ARCH = YES;
				SDKROOT = iphoneos;
				SWIFT_ACTIVE_COMPILATION_CONDITIONS = DEBUG;
				SWIFT_OPTIMIZATION_LEVEL = "-Onone";
			};
			name = Debug;
		};
		96D2261927E9D41500D616E1 /* Release */ = {
			isa = XCBuildConfiguration;
			buildSettings = {
				ALWAYS_SEARCH_USER_PATHS = NO;
				CLANG_ANALYZER_NONNULL = YES;
				CLANG_ANALYZER_NUMBER_OBJECT_CONVERSION = YES_AGGRESSIVE;
				CLANG_CXX_LANGUAGE_STANDARD = "gnu++17";
				CLANG_CXX_LIBRARY = "libc++";
				CLANG_ENABLE_MODULES = YES;
				CLANG_ENABLE_OBJC_ARC = YES;
				CLANG_ENABLE_OBJC_WEAK = YES;
				CLANG_WARN_BLOCK_CAPTURE_AUTORELEASING = YES;
				CLANG_WARN_BOOL_CONVERSION = YES;
				CLANG_WARN_COMMA = YES;
				CLANG_WARN_CONSTANT_CONVERSION = YES;
				CLANG_WARN_DEPRECATED_OBJC_IMPLEMENTATIONS = YES;
				CLANG_WARN_DIRECT_OBJC_ISA_USAGE = YES_ERROR;
				CLANG_WARN_DOCUMENTATION_COMMENTS = YES;
				CLANG_WARN_EMPTY_BODY = YES;
				CLANG_WARN_ENUM_CONVERSION = YES;
				CLANG_WARN_INFINITE_RECURSION = YES;
				CLANG_WARN_INT_CONVERSION = YES;
				CLANG_WARN_NON_LITERAL_NULL_CONVERSION = YES;
				CLANG_WARN_OBJC_IMPLICIT_RETAIN_SELF = YES;
				CLANG_WARN_OBJC_LITERAL_CONVERSION = YES;
				CLANG_WARN_OBJC_ROOT_CLASS = YES_ERROR;
				CLANG_WARN_QUOTED_INCLUDE_IN_FRAMEWORK_HEADER = YES;
				CLANG_WARN_RANGE_LOOP_ANALYSIS = YES;
				CLANG_WARN_STRICT_PROTOTYPES = YES;
				CLANG_WARN_SUSPICIOUS_MOVE = YES;
				CLANG_WARN_UNGUARDED_AVAILABILITY = YES_AGGRESSIVE;
				CLANG_WARN_UNREACHABLE_CODE = YES;
				CLANG_WARN__DUPLICATE_METHOD_MATCH = YES;
				COPY_PHASE_STRIP = NO;
				DEBUG_INFORMATION_FORMAT = "dwarf-with-dsym";
				ENABLE_NS_ASSERTIONS = NO;
				ENABLE_STRICT_OBJC_MSGSEND = YES;
				GCC_C_LANGUAGE_STANDARD = gnu11;
				GCC_NO_COMMON_BLOCKS = YES;
				GCC_WARN_64_TO_32_BIT_CONVERSION = YES;
				GCC_WARN_ABOUT_RETURN_TYPE = YES_ERROR;
				GCC_WARN_UNDECLARED_SELECTOR = YES;
				GCC_WARN_UNINITIALIZED_AUTOS = YES_AGGRESSIVE;
				GCC_WARN_UNUSED_FUNCTION = YES;
				GCC_WARN_UNUSED_VARIABLE = YES;
				IPHONEOS_DEPLOYMENT_TARGET = 15.2;
				MTL_ENABLE_DEBUG_INFO = NO;
				MTL_FAST_MATH = YES;
				SDKROOT = iphoneos;
				SWIFT_COMPILATION_MODE = wholemodule;
				SWIFT_OPTIMIZATION_LEVEL = "-O";
				VALIDATE_PRODUCT = YES;
			};
			name = Release;
		};
		96D2261B27E9D41500D616E1 /* Debug */ = {
			isa = XCBuildConfiguration;
			buildSettings = {
				ASSETCATALOG_COMPILER_APPICON_NAME = AppIcon;
				ASSETCATALOG_COMPILER_GLOBAL_ACCENT_COLOR_NAME = AccentColor;
				CODE_SIGN_STYLE = Automatic;
				CURRENT_PROJECT_VERSION = 1;
				DEVELOPMENT_ASSET_PATHS = "\"ExampleViews/Preview Content\"";
				DEVELOPMENT_TEAM = B2RV52W8G3;
				ENABLE_PREVIEWS = YES;
				GENERATE_INFOPLIST_FILE = YES;
				INFOPLIST_KEY_UIApplicationSceneManifest_Generation = YES;
				INFOPLIST_KEY_UIApplicationSupportsIndirectInputEvents = YES;
				INFOPLIST_KEY_UILaunchScreen_Generation = YES;
				INFOPLIST_KEY_UISupportedInterfaceOrientations_iPad = "UIInterfaceOrientationPortrait UIInterfaceOrientationPortraitUpsideDown UIInterfaceOrientationLandscapeLeft UIInterfaceOrientationLandscapeRight";
				INFOPLIST_KEY_UISupportedInterfaceOrientations_iPhone = "UIInterfaceOrientationPortrait UIInterfaceOrientationLandscapeLeft UIInterfaceOrientationLandscapeRight";
				LD_RUNPATH_SEARCH_PATHS = (
					"$(inherited)",
					"@executable_path/Frameworks",
				);
				MARKETING_VERSION = 1.0;
				PRODUCT_BUNDLE_IDENTIFIER = com.swiftist.ExampleViews;
				PRODUCT_NAME = "$(TARGET_NAME)";
				SWIFT_EMIT_LOC_STRINGS = YES;
				SWIFT_VERSION = 5.0;
				TARGETED_DEVICE_FAMILY = "1,2";
			};
			name = Debug;
		};
		96D2261C27E9D41500D616E1 /* Release */ = {
			isa = XCBuildConfiguration;
			buildSettings = {
				ASSETCATALOG_COMPILER_APPICON_NAME = AppIcon;
				ASSETCATALOG_COMPILER_GLOBAL_ACCENT_COLOR_NAME = AccentColor;
				CODE_SIGN_STYLE = Automatic;
				CURRENT_PROJECT_VERSION = 1;
				DEVELOPMENT_ASSET_PATHS = "\"ExampleViews/Preview Content\"";
				DEVELOPMENT_TEAM = B2RV52W8G3;
				ENABLE_PREVIEWS = YES;
				GENERATE_INFOPLIST_FILE = YES;
				INFOPLIST_KEY_UIApplicationSceneManifest_Generation = YES;
				INFOPLIST_KEY_UIApplicationSupportsIndirectInputEvents = YES;
				INFOPLIST_KEY_UILaunchScreen_Generation = YES;
				INFOPLIST_KEY_UISupportedInterfaceOrientations_iPad = "UIInterfaceOrientationPortrait UIInterfaceOrientationPortraitUpsideDown UIInterfaceOrientationLandscapeLeft UIInterfaceOrientationLandscapeRight";
				INFOPLIST_KEY_UISupportedInterfaceOrientations_iPhone = "UIInterfaceOrientationPortrait UIInterfaceOrientationLandscapeLeft UIInterfaceOrientationLandscapeRight";
				LD_RUNPATH_SEARCH_PATHS = (
					"$(inherited)",
					"@executable_path/Frameworks",
				);
				MARKETING_VERSION = 1.0;
				PRODUCT_BUNDLE_IDENTIFIER = com.swiftist.ExampleViews;
				PRODUCT_NAME = "$(TARGET_NAME)";
				SWIFT_EMIT_LOC_STRINGS = YES;
				SWIFT_VERSION = 5.0;
				TARGETED_DEVICE_FAMILY = "1,2";
			};
			name = Release;
		};
/* End XCBuildConfiguration section */

/* Begin XCConfigurationList section */
		96D2260727E9D41400D616E1 /* Build configuration list for PBXProject "ExampleViews" */ = {
			isa = XCConfigurationList;
			buildConfigurations = (
				96D2261827E9D41500D616E1 /* Debug */,
				96D2261927E9D41500D616E1 /* Release */,
			);
			defaultConfigurationIsVisible = 0;
			defaultConfigurationName = Release;
		};
		96D2261A27E9D41500D616E1 /* Build configuration list for PBXNativeTarget "ExampleViews" */ = {
			isa = XCConfigurationList;
			buildConfigurations = (
				96D2261B27E9D41500D616E1 /* Debug */,
				96D2261C27E9D41500D616E1 /* Release */,
			);
			defaultConfigurationIsVisible = 0;
			defaultConfigurationName = Release;
		};
/* End XCConfigurationList section */
	};
	rootObject = 96D2260427E9D41400D616E1 /* Project object */;
}
